
Microsoft Visual Studio Solution File, Format Version 12.00
# Visual Studio Version 17
VisualStudioVersion = 17.5.002.0
MinimumVisualStudioVersion = 10.0.40219.1
Project("{9A19103F-16F7-4668-BE54-9A1E7A4F7556}") = "semana2", "semana2.csproj", "{A0FE07BA-51E7-43ED-88C8-CAF9190F7953}"
EndProject
Project("{FAE04EC0-301F-11D3-BF4B-00C04F79EFBC}") = "aula", "aula\aula.csproj", "{9A72A273-CE22-4CCE-9968-4F0D54562EB9}"
EndProject
Project("{FAE04EC0-301F-11D3-BF4B-00C04F79EFBC}") = "exercicio2", "exercicio2\exercicio2.csproj", "{E7558867-CFFC-46CA-AE27-A0217CBBC5B1}"
EndProject
Project("{FAE04EC0-301F-11D3-BF4B-00C04F79EFBC}") = "exercicio3", "exercicio3\exercicio3.csproj", "{C11AAFDC-4EE3-4336-B530-999EC2A4DE21}"
EndProject
Global
	GlobalSection(SolutionConfigurationPlatforms) = preSolution
		Debug|Any CPU = Debug|Any CPU
		Release|Any CPU = Release|Any CPU
	EndGlobalSection
	GlobalSection(ProjectConfigurationPlatforms) = postSolution
		{A0FE07BA-51E7-43ED-88C8-CAF9190F7953}.Debug|Any CPU.ActiveCfg = Debug|Any CPU
		{A0FE07BA-51E7-43ED-88C8-CAF9190F7953}.Debug|Any CPU.Build.0 = Debug|Any CPU
		{A0FE07BA-51E7-43ED-88C8-CAF9190F7953}.Release|Any CPU.ActiveCfg = Release|Any CPU
		{A0FE07BA-51E7-43ED-88C8-CAF9190F7953}.Release|Any CPU.Build.0 = Release|Any CPU
		{9A72A273-CE22-4CCE-9968-4F0D54562EB9}.Debug|Any CPU.ActiveCfg = Debug|Any CPU
		{9A72A273-CE22-4CCE-9968-4F0D54562EB9}.Debug|Any CPU.Build.0 = Debug|Any CPU
		{9A72A273-CE22-4CCE-9968-4F0D54562EB9}.Release|Any CPU.ActiveCfg = Release|Any CPU
		{9A72A273-CE22-4CCE-9968-4F0D54562EB9}.Release|Any CPU.Build.0 = Release|Any CPU
		{E7558867-CFFC-46CA-AE27-A0217CBBC5B1}.Debug|Any CPU.ActiveCfg = Debug|Any CPU
		{E7558867-CFFC-46CA-AE27-A0217CBBC5B1}.Debug|Any CPU.Build.0 = Debug|Any CPU
		{E7558867-CFFC-46CA-AE27-A0217CBBC5B1}.Release|Any CPU.ActiveCfg = Release|Any CPU
		{E7558867-CFFC-46CA-AE27-A0217CBBC5B1}.Release|Any CPU.Build.0 = Release|Any CPU
		{C11AAFDC-4EE3-4336-B530-999EC2A4DE21}.Debug|Any CPU.ActiveCfg = Debug|Any CPU
		{C11AAFDC-4EE3-4336-B530-999EC2A4DE21}.Debug|Any CPU.Build.0 = Debug|Any CPU
		{C11AAFDC-4EE3-4336-B530-999EC2A4DE21}.Release|Any CPU.ActiveCfg = Release|Any CPU
		{C11AAFDC-4EE3-4336-B530-999EC2A4DE21}.Release|Any CPU.Build.0 = Release|Any CPU
	EndGlobalSection
	GlobalSection(SolutionProperties) = preSolution
		HideSolutionNode = FALSE
	EndGlobalSection
	GlobalSection(ExtensibilityGlobals) = postSolution
		SolutionGuid = {14FCE308-551D-4BD6-8BAF-97CEDC5DB414}
	EndGlobalSection
EndGlobal
